{
  "pins" : [
    {
      "identity" : "apollo-ios",
      "kind" : "remoteSourceControl",
      "location" : "https://github.com/apollographql/apollo-ios",
      "state" : {
        "revision" : "6f790b99991dca454a6aaf955ee9f816432d5ca3",
        "version" : "1.25.0"
      }
    }
  ],
  "version" : 2
}
